
Microsoft Visual Studio Solution File, Format Version 12.00
# Visual Studio Version 16
VisualStudioVersion = 16.0.30621.155
MinimumVisualStudioVersion = 10.0.40219.1
Project("{9A19103F-16F7-4668-BE54-9A1E7A4F7556}") = "Proyecto1", "ProyectoMVC\Proyecto1.csproj", "{609BE132-F2BA-4BB8-BF8B-B4E5E568E6FA}"
EndProject
Project("{9A19103F-16F7-4668-BE54-9A1E7A4F7556}") = "APIProyecto", "APIProyecto\APIProyecto.csproj", "{F8957276-74C2-41A5-879C-4EAFC755A33E}"
EndProject
Project("{FAE04EC0-301F-11D3-BF4B-00C04F79EFBC}") = "Cifrado", "Cifrado\Cifrado.csproj", "{728848EF-6709-45DC-8C32-F5FAB514C36E}"
EndProject
Global
	GlobalSection(SolutionConfigurationPlatforms) = preSolution
		Debug|Any CPU = Debug|Any CPU
		Release|Any CPU = Release|Any CPU
	EndGlobalSection
	GlobalSection(ProjectConfigurationPlatforms) = postSolution
		{609BE132-F2BA-4BB8-BF8B-B4E5E568E6FA}.Debug|Any CPU.ActiveCfg = Debug|Any CPU
		{609BE132-F2BA-4BB8-BF8B-B4E5E568E6FA}.Debug|Any CPU.Build.0 = Debug|Any CPU
		{609BE132-F2BA-4BB8-BF8B-B4E5E568E6FA}.Release|Any CPU.ActiveCfg = Release|Any CPU
		{609BE132-F2BA-4BB8-BF8B-B4E5E568E6FA}.Release|Any CPU.Build.0 = Release|Any CPU
		{F8957276-74C2-41A5-879C-4EAFC755A33E}.Debug|Any CPU.ActiveCfg = Debug|Any CPU
		{F8957276-74C2-41A5-879C-4EAFC755A33E}.Debug|Any CPU.Build.0 = Debug|Any CPU
		{F8957276-74C2-41A5-879C-4EAFC755A33E}.Release|Any CPU.ActiveCfg = Release|Any CPU
		{F8957276-74C2-41A5-879C-4EAFC755A33E}.Release|Any CPU.Build.0 = Release|Any CPU
		{728848EF-6709-45DC-8C32-F5FAB514C36E}.Debug|Any CPU.ActiveCfg = Debug|Any CPU
		{728848EF-6709-45DC-8C32-F5FAB514C36E}.Debug|Any CPU.Build.0 = Debug|Any CPU
		{728848EF-6709-45DC-8C32-F5FAB514C36E}.Release|Any CPU.ActiveCfg = Release|Any CPU
		{728848EF-6709-45DC-8C32-F5FAB514C36E}.Release|Any CPU.Build.0 = Release|Any CPU
	EndGlobalSection
	GlobalSection(SolutionProperties) = preSolution
		HideSolutionNode = FALSE
	EndGlobalSection
	GlobalSection(ExtensibilityGlobals) = postSolution
		SolutionGuid = {9FD51BB0-F223-4484-BC7B-414692A50B6F}
	EndGlobalSection
EndGlobal
